
Microsoft Visual Studio Solution File, Format Version 12.00
# Visual Studio Express 2012 for Web
Project("{FAE04EC0-301F-11D3-BF4B-00C04F79EFBC}") = "kShop", "kShop\kShop.csproj", "{588510F7-2164-4DBE-B9A8-9CB98A3276B9}"
EndProject
Project("{FAE04EC0-301F-11D3-BF4B-00C04F79EFBC}") = "kShopUmbraco", "kShopUmbraco\kShopUmbraco.csproj", "{A4C38C27-6434-4E76-92F6-A805CE866497}"
EndProject
Project("{FAE04EC0-301F-11D3-BF4B-00C04F79EFBC}") = "dummyPaymentHandler", "dommyPaymentHandler\dummyPaymentHandler.csproj", "{F36E05D3-1352-4006-8A53-01C4B268A935}"
EndProject
Global
	GlobalSection(SolutionConfigurationPlatforms) = preSolution
		Debug|Any CPU = Debug|Any CPU
		Release|Any CPU = Release|Any CPU
	EndGlobalSection
	GlobalSection(ProjectConfigurationPlatforms) = postSolution
		{588510F7-2164-4DBE-B9A8-9CB98A3276B9}.Debug|Any CPU.ActiveCfg = Debug|Any CPU
		{588510F7-2164-4DBE-B9A8-9CB98A3276B9}.Debug|Any CPU.Build.0 = Debug|Any CPU
		{588510F7-2164-4DBE-B9A8-9CB98A3276B9}.Release|Any CPU.ActiveCfg = Release|Any CPU
		{588510F7-2164-4DBE-B9A8-9CB98A3276B9}.Release|Any CPU.Build.0 = Release|Any CPU
		{A4C38C27-6434-4E76-92F6-A805CE866497}.Debug|Any CPU.ActiveCfg = Debug|Any CPU
		{A4C38C27-6434-4E76-92F6-A805CE866497}.Debug|Any CPU.Build.0 = Debug|Any CPU
		{A4C38C27-6434-4E76-92F6-A805CE866497}.Release|Any CPU.ActiveCfg = Release|Any CPU
		{A4C38C27-6434-4E76-92F6-A805CE866497}.Release|Any CPU.Build.0 = Release|Any CPU
		{F36E05D3-1352-4006-8A53-01C4B268A935}.Debug|Any CPU.ActiveCfg = Debug|Any CPU
		{F36E05D3-1352-4006-8A53-01C4B268A935}.Debug|Any CPU.Build.0 = Debug|Any CPU
		{F36E05D3-1352-4006-8A53-01C4B268A935}.Release|Any CPU.ActiveCfg = Release|Any CPU
		{F36E05D3-1352-4006-8A53-01C4B268A935}.Release|Any CPU.Build.0 = Release|Any CPU
	EndGlobalSection
	GlobalSection(SolutionProperties) = preSolution
		HideSolutionNode = FALSE
	EndGlobalSection
EndGlobal
